
Microsoft Visual Studio Solution File, Format Version 12.00
# Visual Studio Version 17
VisualStudioVersion = 17.1.32210.238
MinimumVisualStudioVersion = 10.0.40219.1
Project("{FAE04EC0-301F-11D3-BF4B-00C04F79EFBC}") = "MOD 2 - 1302204071", "MOD 2 - 1302204071\MOD 2 - 1302204071.csproj", "{F15A8672-A8BA-4BAF-AA7C-02854C372186}"
EndProject
Global
	GlobalSection(SolutionConfigurationPlatforms) = preSolution
		Debug|Any CPU = Debug|Any CPU
		Release|Any CPU = Release|Any CPU
	EndGlobalSection
	GlobalSection(ProjectConfigurationPlatforms) = postSolution
		{F15A8672-A8BA-4BAF-AA7C-02854C372186}.Debug|Any CPU.ActiveCfg = Debug|Any CPU
		{F15A8672-A8BA-4BAF-AA7C-02854C372186}.Debug|Any CPU.Build.0 = Debug|Any CPU
		{F15A8672-A8BA-4BAF-AA7C-02854C372186}.Release|Any CPU.ActiveCfg = Release|Any CPU
		{F15A8672-A8BA-4BAF-AA7C-02854C372186}.Release|Any CPU.Build.0 = Release|Any CPU
	EndGlobalSection
	GlobalSection(SolutionProperties) = preSolution
		HideSolutionNode = FALSE
	EndGlobalSection
	GlobalSection(ExtensibilityGlobals) = postSolution
		SolutionGuid = {7E906A22-74DF-4823-8168-B1CF654C4A53}
	EndGlobalSection
EndGlobal
